
Microsoft Visual Studio Solution File, Format Version 12.00
# Visual Studio Version 16
VisualStudioVersion = 16.0.32106.194
MinimumVisualStudioVersion = 10.0.40219.1
Project("{FAE04EC0-301F-11D3-BF4B-00C04F79EFBC}") = "MvcApuestasLto", "MvcApuestasLto\MvcApuestasLto.csproj", "{A60ABF20-F3B5-487E-9643-56D698C83BA7}"
EndProject
Global
	GlobalSection(SolutionConfigurationPlatforms) = preSolution
		Debug|Any CPU = Debug|Any CPU
		Release|Any CPU = Release|Any CPU
	EndGlobalSection
	GlobalSection(ProjectConfigurationPlatforms) = postSolution
		{A60ABF20-F3B5-487E-9643-56D698C83BA7}.Debug|Any CPU.ActiveCfg = Debug|Any CPU
		{A60ABF20-F3B5-487E-9643-56D698C83BA7}.Debug|Any CPU.Build.0 = Debug|Any CPU
		{A60ABF20-F3B5-487E-9643-56D698C83BA7}.Release|Any CPU.ActiveCfg = Release|Any CPU
		{A60ABF20-F3B5-487E-9643-56D698C83BA7}.Release|Any CPU.Build.0 = Release|Any CPU
	EndGlobalSection
	GlobalSection(SolutionProperties) = preSolution
		HideSolutionNode = FALSE
	EndGlobalSection
	GlobalSection(ExtensibilityGlobals) = postSolution
		SolutionGuid = {6A79FD11-A9D2-4CB7-AEA3-E94E6B8E5D7D}
	EndGlobalSection
EndGlobal
